
Microsoft Visual Studio Solution File, Format Version 12.00
# Visual Studio Version 17
VisualStudioVersion = 17.8.34330.188
MinimumVisualStudioVersion = 10.0.40219.1
Project("{9A19103F-16F7-4668-BE54-9A1E7A4F7556}") = "SimpleViewer", "SimpleViewer\SimpleViewer.csproj", "{87F8B79B-5560-4996-9880-3EBFB184BABC}"
EndProject
Project("{FAE04EC0-301F-11D3-BF4B-00C04F79EFBC}") = "TransformPoint", "TransformPoint\TransformPoint.csproj", "{39DBC622-3D42-4BAA-8E23-E74609A5620E}"
EndProject
Global
	GlobalSection(SolutionConfigurationPlatforms) = preSolution
		Debug|Any CPU = Debug|Any CPU
		Debug|x64 = Debug|x64
		Release|Any CPU = Release|Any CPU
		Release|x64 = Release|x64
	EndGlobalSection
	GlobalSection(ProjectConfigurationPlatforms) = postSolution
		{87F8B79B-5560-4996-9880-3EBFB184BABC}.Debug|Any CPU.ActiveCfg = Debug|Any CPU
		{87F8B79B-5560-4996-9880-3EBFB184BABC}.Debug|Any CPU.Build.0 = Debug|Any CPU
		{87F8B79B-5560-4996-9880-3EBFB184BABC}.Debug|x64.ActiveCfg = Debug|x64
		{87F8B79B-5560-4996-9880-3EBFB184BABC}.Debug|x64.Build.0 = Debug|x64
		{87F8B79B-5560-4996-9880-3EBFB184BABC}.Release|Any CPU.ActiveCfg = Release|Any CPU
		{87F8B79B-5560-4996-9880-3EBFB184BABC}.Release|Any CPU.Build.0 = Release|Any CPU
		{87F8B79B-5560-4996-9880-3EBFB184BABC}.Release|x64.ActiveCfg = Release|Any CPU
		{87F8B79B-5560-4996-9880-3EBFB184BABC}.Release|x64.Build.0 = Release|Any CPU
		{39DBC622-3D42-4BAA-8E23-E74609A5620E}.Debug|Any CPU.ActiveCfg = Debug|Any CPU
		{39DBC622-3D42-4BAA-8E23-E74609A5620E}.Debug|Any CPU.Build.0 = Debug|Any CPU
		{39DBC622-3D42-4BAA-8E23-E74609A5620E}.Debug|x64.ActiveCfg = Debug|x64
		{39DBC622-3D42-4BAA-8E23-E74609A5620E}.Debug|x64.Build.0 = Debug|x64
		{39DBC622-3D42-4BAA-8E23-E74609A5620E}.Release|Any CPU.ActiveCfg = Release|Any CPU
		{39DBC622-3D42-4BAA-8E23-E74609A5620E}.Release|Any CPU.Build.0 = Release|Any CPU
		{39DBC622-3D42-4BAA-8E23-E74609A5620E}.Release|x64.ActiveCfg = Release|x64
		{39DBC622-3D42-4BAA-8E23-E74609A5620E}.Release|x64.Build.0 = Release|x64
	EndGlobalSection
	GlobalSection(SolutionProperties) = preSolution
		HideSolutionNode = FALSE
	EndGlobalSection
	GlobalSection(ExtensibilityGlobals) = postSolution
		SolutionGuid = {D7BA13FA-E70E-41D6-A5A5-EE18D8E0B98D}
	EndGlobalSection
EndGlobal
